# This file was autogenerated by Stack.
# You should not edit this file by hand.
# For more information, please see the documentation at:
#   https://docs.haskellstack.org/en/stable/lock_files

packages:
- completed:
    hackage: latex-formulae-hakyll-0.2.0.4@sha256:8ed5ef87625c9fc6154aa29d7d17d1d2391a3e4f4360bf15c522a37889d4aa37,1533
    pantry-tree:
      size: 233
      sha256: 4546e48ecc02c5c389e274e70c407915b0efceb025bd981728245751676d8a62
  original:
    hackage: latex-formulae-hakyll-0.2.0.4@sha256:8ed5ef87625c9fc6154aa29d7d17d1d2391a3e4f4360bf15c522a37889d4aa37
- completed:
    hackage: latex-formulae-image-0.1.1.4@sha256:48228b82fbc09ebb7551eaddfbd169a81027b504bd06349522daa4b141e215ee,2361
    pantry-tree:
      size: 230
      sha256: 4f691ed8697d5927654741313e7ef4620ec9769e2bd1b223996e153228598736
  original:
    hackage: latex-formulae-image-0.1.1.4@sha256:48228b82fbc09ebb7551eaddfbd169a81027b504bd06349522daa4b141e215ee
- completed:
    hackage: latex-formulae-pandoc-0.2.0.6@sha256:877ff7e2540fdd85aeaaaa2ac1002c775f1dd0a3880e01207683447793f88fa4,2051
    pantry-tree:
      size: 293
      sha256: 50f2365b3886728cc8c1c1e9bb1c8674de4051062cc6069acc59d02fb8fb5721
  original:
    hackage: latex-formulae-pandoc-0.2.0.6@sha256:877ff7e2540fdd85aeaaaa2ac1002c775f1dd0a3880e01207683447793f88fa4
snapshots:
- completed:
    size: 537868
    url: https://raw.githubusercontent.com/commercialhaskell/stackage-snapshots/master/lts/9/21.yaml
    sha256: 0a3be91c2bce851de4755003cfb1d85d62b6f90276231fcc305729c0c5c864a9
  original: lts-9.21
